
Microsoft Visual Studio Solution File, Format Version 12.00
# Visual Studio Version 17
VisualStudioVersion = 17.8.34525.116
MinimumVisualStudioVersion = 10.0.40219.1
Project("{FAE04EC0-301F-11D3-BF4B-00C04F79EFBC}") = "Events Manager 14905", "Events Manager 14905\Events Manager 14905.csproj", "{4A406D34-7A5B-4564-9CBA-EA48E6D5D5F1}"
EndProject
Global
	GlobalSection(SolutionConfigurationPlatforms) = preSolution
		Debug|Any CPU = Debug|Any CPU
		Release|Any CPU = Release|Any CPU
	EndGlobalSection
	GlobalSection(ProjectConfigurationPlatforms) = postSolution
		{4A406D34-7A5B-4564-9CBA-EA48E6D5D5F1}.Debug|Any CPU.ActiveCfg = Debug|Any CPU
		{4A406D34-7A5B-4564-9CBA-EA48E6D5D5F1}.Debug|Any CPU.Build.0 = Debug|Any CPU
		{4A406D34-7A5B-4564-9CBA-EA48E6D5D5F1}.Release|Any CPU.ActiveCfg = Release|Any CPU
		{4A406D34-7A5B-4564-9CBA-EA48E6D5D5F1}.Release|Any CPU.Build.0 = Release|Any CPU
	EndGlobalSection
	GlobalSection(SolutionProperties) = preSolution
		HideSolutionNode = FALSE
	EndGlobalSection
	GlobalSection(ExtensibilityGlobals) = postSolution
		SolutionGuid = {F954258B-E586-4E53-B38A-2F6A29DA95D8}
	EndGlobalSection
EndGlobal
